// !$*UTF8*$!
{
	archiveVersion = 1;
	classes = {
	};
	objectVersion = 56;
	objects = {

/* Begin PBXBuildFile section */
		1C23E41029ED4A42009FC3CA /* AppEntry.swift in Sources */ = {isa = PBXBuildFile; fileRef = 1C23E40F29ED4A42009FC3CA /* AppEntry.swift */; };
		1C23E41229ED4A42009FC3CA /* StartView.swift in Sources */ = {isa = PBXBuildFile; fileRef = 1C23E41129ED4A42009FC3CA /* StartView.swift */; };
		1C23E41429ED4A44009FC3CA /* Assets.xcassets in Resources */ = {isa = PBXBuildFile; fileRef = 1C23E41329ED4A44009FC3CA /* Assets.xcassets */; };
		1C23E41729ED4A44009FC3CA /* Preview Assets.xcassets in Resources */ = {isa = PBXBuildFile; fileRef = 1C23E41629ED4A44009FC3CA /* Preview Assets.xcassets */; };
		1C23E41E29ED5AD3009FC3CA /* Launch Screen.storyboard in Resources */ = {isa = PBXBuildFile; fileRef = 1C23E41D29ED5AD3009FC3CA /* Launch Screen.storyboard */; };
		1C23E42129ED5EAD009FC3CA /* GameModels.swift in Sources */ = {isa = PBXBuildFile; fileRef = 1C23E42029ED5EAD009FC3CA /* GameModels.swift */; };
		1C23E42429ED876B009FC3CA /* ViewModifiers.swift in Sources */ = {isa = PBXBuildFile; fileRef = 1C23E42329ED876B009FC3CA /* ViewModifiers.swift */; };
		1C23E42729ED8A46009FC3CA /* GameView.swift in Sources */ = {isa = PBXBuildFile; fileRef = 1C23E42629ED8A46009FC3CA /* GameView.swift */; };
/* End PBXBuildFile section */

/* Begin PBXFileReference section */
		1C23E40C29ED4A42009FC3CA /* XsAndOs.app */ = {isa = PBXFileReference; explicitFileType = wrapper.application; includeInIndex = 0; path = XsAndOs.app; sourceTree = BUILT_PRODUCTS_DIR; };
		1C23E40F29ED4A42009FC3CA /* AppEntry.swift */ = {isa = PBXFileReference; lastKnownFileType = sourcecode.swift; path = AppEntry.swift; sourceTree = "<group>"; };
		1C23E41129ED4A42009FC3CA /* StartView.swift */ = {isa = PBXFileReference; lastKnownFileType = sourcecode.swift; path = StartView.swift; sourceTree = "<group>"; };
		1C23E41329ED4A44009FC3CA /* Assets.xcassets */ = {isa = PBXFileReference; lastKnownFileType = folder.assetcatalog; path = Assets.xcassets; sourceTree = "<group>"; };
		1C23E41629ED4A44009FC3CA /* Preview Assets.xcassets */ = {isa = PBXFileReference; lastKnownFileType = folder.assetcatalog; path = "Preview Assets.xcassets"; sourceTree = "<group>"; };
		1C23E41D29ED5AD3009FC3CA /* Launch Screen.storyboard */ = {isa = PBXFileReference; lastKnownFileType = file.storyboard; path = "Launch Screen.storyboard"; sourceTree = "<group>"; };
		1C23E42029ED5EAD009FC3CA /* GameModels.swift */ = {isa = PBXFileReference; lastKnownFileType = sourcecode.swift; path = GameModels.swift; sourceTree = "<group>"; };
		1C23E42329ED876B009FC3CA /* ViewModifiers.swift */ = {isa = PBXFileReference; lastKnownFileType = sourcecode.swift; path = ViewModifiers.swift; sourceTree = "<group>"; };
		1C23E42629ED8A46009FC3CA /* GameView.swift */ = {isa = PBXFileReference; lastKnownFileType = sourcecode.swift; path = GameView.swift; sourceTree = "<group>"; };
/* End PBXFileReference section */

/* Begin PBXFrameworksBuildPhase section */
		1C23E40929ED4A42009FC3CA /* Frameworks */ = {
			isa = PBXFrameworksBuildPhase;
			buildActionMask = 2147483647;
			files = (
			);
			runOnlyForDeploymentPostprocessing = 0;
		};
/* End PBXFrameworksBuildPhase section */

/* Begin PBXGroup section */
		1C23E40329ED4A42009FC3CA = {
			isa = PBXGroup;
			children = (
				1C23E40E29ED4A42009FC3CA /* XsAndOs */,
				1C23E40D29ED4A42009FC3CA /* Products */,
			);
			sourceTree = "<group>";
		};
		1C23E40D29ED4A42009FC3CA /* Products */ = {
			isa = PBXGroup;
			children = (
				1C23E40C29ED4A42009FC3CA /* XsAndOs.app */,
			);
			name = Products;
			sourceTree = "<group>";
		};
		1C23E40E29ED4A42009FC3CA /* XsAndOs */ = {
			isa = PBXGroup;
			children = (
				1C23E40F29ED4A42009FC3CA /* AppEntry.swift */,
				1C23E41F29ED5E7E009FC3CA /* Models */,
				1C23E41129ED4A42009FC3CA /* StartView.swift */,
				1C23E42529ED8996009FC3CA /* Game Screen */,
				1C23E42229ED6B3F009FC3CA /* Utilities */,
				1C23E41329ED4A44009FC3CA /* Assets.xcassets */,
				1C23E41D29ED5AD3009FC3CA /* Launch Screen.storyboard */,
				1C23E41529ED4A44009FC3CA /* Preview Content */,
			);
			path = XsAndOs;
			sourceTree = "<group>";
		};
		1C23E41529ED4A44009FC3CA /* Preview Content */ = {
			isa = PBXGroup;
			children = (
				1C23E41629ED4A44009FC3CA /* Preview Assets.xcassets */,
			);
			path = "Preview Content";
			sourceTree = "<group>";
		};
		1C23E41F29ED5E7E009FC3CA /* Models */ = {
			isa = PBXGroup;
			children = (
				1C23E42029ED5EAD009FC3CA /* GameModels.swift */,
			);
			path = Models;
			sourceTree = "<group>";
		};
		1C23E42229ED6B3F009FC3CA /* Utilities */ = {
			isa = PBXGroup;
			children = (
				1C23E42329ED876B009FC3CA /* ViewModifiers.swift */,
			);
			path = Utilities;
			sourceTree = "<group>";
		};
		1C23E42529ED8996009FC3CA /* Game Screen */ = {
			isa = PBXGroup;
			children = (
				1C23E42629ED8A46009FC3CA /* GameView.swift */,
			);
			path = "Game Screen";
			sourceTree = "<group>";
		};
/* End PBXGroup section */

/* Begin PBXNativeTarget section */
		1C23E40B29ED4A42009FC3CA /* XsAndOs */ = {
			isa = PBXNativeTarget;
			buildConfigurationList = 1C23E41A29ED4A44009FC3CA /* Build configuration list for PBXNativeTarget "XsAndOs" */;
			buildPhases = (
				1C23E40829ED4A42009FC3CA /* Sources */,
				1C23E40929ED4A42009FC3CA /* Frameworks */,
				1C23E40A29ED4A42009FC3CA /* Resources */,
			);
			buildRules = (
			);
			dependencies = (
			);
			name = XsAndOs;
			productName = XsAndOs;
			productReference = 1C23E40C29ED4A42009FC3CA /* XsAndOs.app */;
			productType = "com.apple.product-type.application";
		};
/* End PBXNativeTarget section */

/* Begin PBXProject section */
		1C23E40429ED4A42009FC3CA /* Project object */ = {
			isa = PBXProject;
			attributes = {
				BuildIndependentTargetsInParallel = 1;
				LastSwiftUpdateCheck = 1430;
				LastUpgradeCheck = 1430;
				TargetAttributes = {
					1C23E40B29ED4A42009FC3CA = {
						CreatedOnToolsVersion = 14.3;
					};
				};
			};
			buildConfigurationList = 1C23E40729ED4A42009FC3CA /* Build configuration list for PBXProject "XsAndOs" */;
			compatibilityVersion = "Xcode 14.0";
			developmentRegion = en;
			hasScannedForEncodings = 0;
			knownRegions = (
				en,
				Base,
			);
			mainGroup = 1C23E40329ED4A42009FC3CA;
			productRefGroup = 1C23E40D29ED4A42009FC3CA /* Products */;
			projectDirPath = "";
			projectRoot = "";
			targets = (
				1C23E40B29ED4A42009FC3CA /* XsAndOs */,
			);
		};
/* End PBXProject section */

/* Begin PBXResourcesBuildPhase section */
		1C23E40A29ED4A42009FC3CA /* Resources */ = {
			isa = PBXResourcesBuildPhase;
			buildActionMask = 2147483647;
			files = (
				1C23E41E29ED5AD3009FC3CA /* Launch Screen.storyboard in Resources */,
				1C23E41729ED4A44009FC3CA /* Preview Assets.xcassets in Resources */,
				1C23E41429ED4A44009FC3CA /* Assets.xcassets in Resources */,
			);
			runOnlyForDeploymentPostprocessing = 0;
		};
/* End PBXResourcesBuildPhase section */

/* Begin PBXSourcesBuildPhase section */
		1C23E40829ED4A42009FC3CA /* Sources */ = {
			isa = PBXSourcesBuildPhase;
			buildActionMask = 2147483647;
			files = (
				1C23E41229ED4A42009FC3CA /* StartView.swift in Sources */,
				1C23E42129ED5EAD009FC3CA /* GameModels.swift in Sources */,
				1C23E41029ED4A42009FC3CA /* AppEntry.swift in Sources */,
				1C23E42429ED876B009FC3CA /* ViewModifiers.swift in Sources */,
				1C23E42729ED8A46009FC3CA /* GameView.swift in Sources */,
			);
			runOnlyForDeploymentPostprocessing = 0;
		};
/* End PBXSourcesBuildPhase section */

/* Begin XCBuildConfiguration section */
		1C23E41829ED4A44009FC3CA /* Debug */ = {
			isa = XCBuildConfiguration;
			buildSettings = {
				ALWAYS_SEARCH_USER_PATHS = NO;
				CLANG_ANALYZER_NONNULL = YES;
				CLANG_ANALYZER_NUMBER_OBJECT_CONVERSION = YES_AGGRESSIVE;
				CLANG_CXX_LANGUAGE_STANDARD = "gnu++20";
				CLANG_ENABLE_MODULES = YES;
				CLANG_ENABLE_OBJC_ARC = YES;
				CLANG_ENABLE_OBJC_WEAK = YES;
				CLANG_WARN_BLOCK_CAPTURE_AUTORELEASING = YES;
				CLANG_WARN_BOOL_CONVERSION = YES;
				CLANG_WARN_COMMA = YES;
				CLANG_WARN_CONSTANT_CONVERSION = YES;
				CLANG_WARN_DEPRECATED_OBJC_IMPLEMENTATIONS = YES;
				CLANG_WARN_DIRECT_OBJC_ISA_USAGE = YES_ERROR;
				CLANG_WARN_DOCUMENTATION_COMMENTS = YES;
				CLANG_WARN_EMPTY_BODY = YES;
				CLANG_WARN_ENUM_CONVERSION = YES;
				CLANG_WARN_INFINITE_RECURSION = YES;
				CLANG_WARN_INT_CONVERSION = YES;
				CLANG_WARN_NON_LITERAL_NULL_CONVERSION = YES;
				CLANG_WARN_OBJC_IMPLICIT_RETAIN_SELF = YES;
				CLANG_WARN_OBJC_LITERAL_CONVERSION = YES;
				CLANG_WARN_OBJC_ROOT_CLASS = YES_ERROR;
				CLANG_WARN_QUOTED_INCLUDE_IN_FRAMEWORK_HEADER = YES;
				CLANG_WARN_RANGE_LOOP_ANALYSIS = YES;
				CLANG_WARN_STRICT_PROTOTYPES = YES;
				CLANG_WARN_SUSPICIOUS_MOVE = YES;
				CLANG_WARN_UNGUARDED_AVAILABILITY = YES_AGGRESSIVE;
				CLANG_WARN_UNREACHABLE_CODE = YES;
				CLANG_WARN__DUPLICATE_METHOD_MATCH = YES;
				COPY_PHASE_STRIP = NO;
				DEBUG_INFORMATION_FORMAT = dwarf;
				ENABLE_STRICT_OBJC_MSGSEND = YES;
				ENABLE_TESTABILITY = YES;
				GCC_C_LANGUAGE_STANDARD = gnu11;
				GCC_DYNAMIC_NO_PIC = NO;
				GCC_NO_COMMON_BLOCKS = YES;
				GCC_OPTIMIZATION_LEVEL = 0;
				GCC_PREPROCESSOR_DEFINITIONS = (
					"DEBUG=1",
					"$(inherited)",
				);
				GCC_WARN_64_TO_32_BIT_CONVERSION = YES;
				GCC_WARN_ABOUT_RETURN_TYPE = YES_ERROR;
				GCC_WARN_UNDECLARED_SELECTOR = YES;
				GCC_WARN_UNINITIALIZED_AUTOS = YES_AGGRESSIVE;
				GCC_WARN_UNUSED_FUNCTION = YES;
				GCC_WARN_UNUSED_VARIABLE = YES;
				IPHONEOS_DEPLOYMENT_TARGET = 15.0;
				MTL_ENABLE_DEBUG_INFO = INCLUDE_SOURCE;
				MTL_FAST_MATH = YES;
				ONLY_ACTIVE_ARCH = YES;
				SDKROOT = iphoneos;
				SWIFT_ACTIVE_COMPILATION_CONDITIONS = DEBUG;
				SWIFT_OPTIMIZATION_LEVEL = "-Onone";
			};
			name = Debug;
		};
		1C23E41929ED4A44009FC3CA /* Release */ = {
			isa = XCBuildConfiguration;
			buildSettings = {
				ALWAYS_SEARCH_USER_PATHS = NO;
				CLANG_ANALYZER_NONNULL = YES;
				CLANG_ANALYZER_NUMBER_OBJECT_CONVERSION = YES_AGGRESSIVE;
				CLANG_CXX_LANGUAGE_STANDARD = "gnu++20";
				CLANG_ENABLE_MODULES = YES;
				CLANG_ENABLE_OBJC_ARC = YES;
				CLANG_ENABLE_OBJC_WEAK = YES;
				CLANG_WARN_BLOCK_CAPTURE_AUTORELEASING = YES;
				CLANG_WARN_BOOL_CONVERSION = YES;
				CLANG_WARN_COMMA = YES;
				CLANG_WARN_CONSTANT_CONVERSION = YES;
				CLANG_WARN_DEPRECATED_OBJC_IMPLEMENTATIONS = YES;
				CLANG_WARN_DIRECT_OBJC_ISA_USAGE = YES_ERROR;
				CLANG_WARN_DOCUMENTATION_COMMENTS = YES;
				CLANG_WARN_EMPTY_BODY = YES;
				CLANG_WARN_ENUM_CONVERSION = YES;
				CLANG_WARN_INFINITE_RECURSION = YES;
				CLANG_WARN_INT_CONVERSION = YES;
				CLANG_WARN_NON_LITERAL_NULL_CONVERSION = YES;
				CLANG_WARN_OBJC_IMPLICIT_RETAIN_SELF = YES;
				CLANG_WARN_OBJC_LITERAL_CONVERSION = YES;
				CLANG_WARN_OBJC_ROOT_CLASS = YES_ERROR;
				CLANG_WARN_QUOTED_INCLUDE_IN_FRAMEWORK_HEADER = YES;
				CLANG_WARN_RANGE_LOOP_ANALYSIS = YES;
				CLANG_WARN_STRICT_PROTOTYPES = YES;
				CLANG_WARN_SUSPICIOUS_MOVE = YES;
				CLANG_WARN_UNGUARDED_AVAILABILITY = YES_AGGRESSIVE;
				CLANG_WARN_UNREACHABLE_CODE = YES;
				CLANG_WARN__DUPLICATE_METHOD_MATCH = YES;
				COPY_PHASE_STRIP = NO;
				DEBUG_INFORMATION_FORMAT = "dwarf-with-dsym";
				ENABLE_NS_ASSERTIONS = NO;
				ENABLE_STRICT_OBJC_MSGSEND = YES;
				GCC_C_LANGUAGE_STANDARD = gnu11;
				GCC_NO_COMMON_BLOCKS = YES;
				GCC_WARN_64_TO_32_BIT_CONVERSION = YES;
				GCC_WARN_ABOUT_RETURN_TYPE = YES_ERROR;
				GCC_WARN_UNDECLARED_SELECTOR = YES;
				GCC_WARN_UNINITIALIZED_AUTOS = YES_AGGRESSIVE;
				GCC_WARN_UNUSED_FUNCTION = YES;
				GCC_WARN_UNUSED_VARIABLE = YES;
				IPHONEOS_DEPLOYMENT_TARGET = 15.0;
				MTL_ENABLE_DEBUG_INFO = NO;
				MTL_FAST_MATH = YES;
				SDKROOT = iphoneos;
				SWIFT_COMPILATION_MODE = wholemodule;
				SWIFT_OPTIMIZATION_LEVEL = "-O";
				VALIDATE_PRODUCT = YES;
			};
			name = Release;
		};
		1C23E41B29ED4A44009FC3CA /* Debug */ = {
			isa = XCBuildConfiguration;
			buildSettings = {
				ASSETCATALOG_COMPILER_APPICON_NAME = AppIcon;
				ASSETCATALOG_COMPILER_GLOBAL_ACCENT_COLOR_NAME = AccentColor;
				CODE_SIGN_STYLE = Automatic;
				CURRENT_PROJECT_VERSION = 1;
				DEVELOPMENT_ASSET_PATHS = "\"XsAndOs/Preview Content\"";
				ENABLE_PREVIEWS = YES;
				GENERATE_INFOPLIST_FILE = YES;
				INFOPLIST_KEY_UIApplicationSceneManifest_Generation = YES;
				INFOPLIST_KEY_UIApplicationSupportsIndirectInputEvents = YES;
				INFOPLIST_KEY_UILaunchScreen_Generation = YES;
				INFOPLIST_KEY_UILaunchStoryboardName = "Launch Screen.storyboard";
				INFOPLIST_KEY_UISupportedInterfaceOrientations = UIInterfaceOrientationPortrait;
				INFOPLIST_KEY_UISupportedInterfaceOrientations_iPad = "UIInterfaceOrientationLandscapeLeft UIInterfaceOrientationLandscapeRight UIInterfaceOrientationPortrait UIInterfaceOrientationPortraitUpsideDown";
				IPHONEOS_DEPLOYMENT_TARGET = 15.0;
				LD_RUNPATH_SEARCH_PATHS = (
					"$(inherited)",
					"@executable_path/Frameworks",
				);
				MARKETING_VERSION = 1.0;
				PRODUCT_BUNDLE_IDENTIFIER = com.sade.XsAndOs;
				PRODUCT_NAME = "$(TARGET_NAME)";
				SWIFT_EMIT_LOC_STRINGS = YES;
				SWIFT_VERSION = 5.0;
				TARGETED_DEVICE_FAMILY = "1,2";
			};
			name = Debug;
		};
		1C23E41C29ED4A44009FC3CA /* Release */ = {
			isa = XCBuildConfiguration;
			buildSettings = {
				ASSETCATALOG_COMPILER_APPICON_NAME = AppIcon;
				ASSETCATALOG_COMPILER_GLOBAL_ACCENT_COLOR_NAME = AccentColor;
				CODE_SIGN_STYLE = Automatic;
				CURRENT_PROJECT_VERSION = 1;
				DEVELOPMENT_ASSET_PATHS = "\"XsAndOs/Preview Content\"";
				ENABLE_PREVIEWS = YES;
				GENERATE_INFOPLIST_FILE = YES;
				INFOPLIST_KEY_UIApplicationSceneManifest_Generation = YES;
				INFOPLIST_KEY_UIApplicationSupportsIndirectInputEvents = YES;
				INFOPLIST_KEY_UILaunchScreen_Generation = YES;
				INFOPLIST_KEY_UILaunchStoryboardName = "Launch Screen.storyboard";
				INFOPLIST_KEY_UISupportedInterfaceOrientations = UIInterfaceOrientationPortrait;
				INFOPLIST_KEY_UISupportedInterfaceOrientations_iPad = "UIInterfaceOrientationLandscapeLeft UIInterfaceOrientationLandscapeRight UIInterfaceOrientationPortrait UIInterfaceOrientationPortraitUpsideDown";
				IPHONEOS_DEPLOYMENT_TARGET = 15.0;
				LD_RUNPATH_SEARCH_PATHS = (
					"$(inherited)",
					"@executable_path/Frameworks",
				);
				MARKETING_VERSION = 1.0;
				PRODUCT_BUNDLE_IDENTIFIER = com.sade.XsAndOs;
				PRODUCT_NAME = "$(TARGET_NAME)";
				SWIFT_EMIT_LOC_STRINGS = YES;
				SWIFT_VERSION = 5.0;
				TARGETED_DEVICE_FAMILY = "1,2";
			};
			name = Release;
		};
/* End XCBuildConfiguration section */

/* Begin XCConfigurationList section */
		1C23E40729ED4A42009FC3CA /* Build configuration list for PBXProject "XsAndOs" */ = {
			isa = XCConfigurationList;
			buildConfigurations = (
				1C23E41829ED4A44009FC3CA /* Debug */,
				1C23E41929ED4A44009FC3CA /* Release */,
			);
			defaultConfigurationIsVisible = 0;
			defaultConfigurationName = Release;
		};
		1C23E41A29ED4A44009FC3CA /* Build configuration list for PBXNativeTarget "XsAndOs" */ = {
			isa = XCConfigurationList;
			buildConfigurations = (
				1C23E41B29ED4A44009FC3CA /* Debug */,
				1C23E41C29ED4A44009FC3CA /* Release */,
			);
			defaultConfigurationIsVisible = 0;
			defaultConfigurationName = Release;
		};
/* End XCConfigurationList section */
	};
	rootObject = 1C23E40429ED4A42009FC3CA /* Project object */;
}
